
Microsoft Visual Studio Solution File, Format Version 12.00
# Visual Studio Version 16
VisualStudioVersion = 16.0.30503.244
MinimumVisualStudioVersion = 10.0.40219.1
Project("{FAE04EC0-301F-11D3-BF4B-00C04F79EFBC}") = "Segel_Assignment2", "Segel_Assignment2\Segel_Assignment2.csproj", "{AA20D78F-313F-4429-BA68-4DB55638C358}"
EndProject
Project("{FAE04EC0-301F-11D3-BF4B-00C04F79EFBC}") = "Assignment02.Tests", "Assignment02.Tests\Assignment02.Tests.csproj", "{063507CD-9FF5-4A16-A4FB-5E3B4A7474DC}"
EndProject
Global
	GlobalSection(SolutionConfigurationPlatforms) = preSolution
		Debug|Any CPU = Debug|Any CPU
		Release|Any CPU = Release|Any CPU
	EndGlobalSection
	GlobalSection(ProjectConfigurationPlatforms) = postSolution
		{AA20D78F-313F-4429-BA68-4DB55638C358}.Debug|Any CPU.ActiveCfg = Debug|Any CPU
		{AA20D78F-313F-4429-BA68-4DB55638C358}.Debug|Any CPU.Build.0 = Debug|Any CPU
		{AA20D78F-313F-4429-BA68-4DB55638C358}.Release|Any CPU.ActiveCfg = Release|Any CPU
		{AA20D78F-313F-4429-BA68-4DB55638C358}.Release|Any CPU.Build.0 = Release|Any CPU
		{063507CD-9FF5-4A16-A4FB-5E3B4A7474DC}.Debug|Any CPU.ActiveCfg = Debug|Any CPU
		{063507CD-9FF5-4A16-A4FB-5E3B4A7474DC}.Debug|Any CPU.Build.0 = Debug|Any CPU
		{063507CD-9FF5-4A16-A4FB-5E3B4A7474DC}.Release|Any CPU.ActiveCfg = Release|Any CPU
		{063507CD-9FF5-4A16-A4FB-5E3B4A7474DC}.Release|Any CPU.Build.0 = Release|Any CPU
	EndGlobalSection
	GlobalSection(SolutionProperties) = preSolution
		HideSolutionNode = FALSE
	EndGlobalSection
	GlobalSection(ExtensibilityGlobals) = postSolution
		SolutionGuid = {E7F9D943-1501-460B-A057-6BB57C56E80F}
	EndGlobalSection
EndGlobal
